{
  "object": {
    "pins": [
      {
        "package": "FloatingPanel",
        "repositoryURL": "https://github.com/scenee/FloatingPanel",
        "state": {
          "branch": null,
          "revision": "fe30e60235c5cc753e2ee2a3eebc8e654971634d",
          "version": "2.5.2"
        }
      }
    ]
  },
  "version": 1
}
