// !$*UTF8*$!
{
	archiveVersion = 1;
	classes = {
	};
	objectVersion = 55;
	objects = {

/* Begin PBXBuildFile section */
		E505071D28587AC2002F7125 /* CurrentHuntDetailViewController.swift in Sources */ = {isa = PBXBuildFile; fileRef = E505071B28587AC2002F7125 /* CurrentHuntDetailViewController.swift */; };
		E505071E28587AC2002F7125 /* CurrentHuntDetailViewController.xib in Resources */ = {isa = PBXBuildFile; fileRef = E505071C28587AC2002F7125 /* CurrentHuntDetailViewController.xib */; };
		E505074D28592B51002F7125 /* FloatingPanelController.swift in Sources */ = {isa = PBXBuildFile; fileRef = E505074528592B51002F7125 /* FloatingPanelController.swift */; };
		E505074E28592B51002F7125 /* FloatingPanelBehavior.swift in Sources */ = {isa = PBXBuildFile; fileRef = E505074628592B51002F7125 /* FloatingPanelBehavior.swift */; };
		E505074F28592B51002F7125 /* FloatingPanelCore.swift in Sources */ = {isa = PBXBuildFile; fileRef = E505074728592B51002F7125 /* FloatingPanelCore.swift */; };
		E505075028592B51002F7125 /* FloatingPanelBackdropView.swift in Sources */ = {isa = PBXBuildFile; fileRef = E505074828592B51002F7125 /* FloatingPanelBackdropView.swift */; };
		E505075128592B51002F7125 /* FloatingPanelView.swift in Sources */ = {isa = PBXBuildFile; fileRef = E505074928592B51002F7125 /* FloatingPanelView.swift */; };
		E505075228592B51002F7125 /* FloatingPanelTransitioning.swift in Sources */ = {isa = PBXBuildFile; fileRef = E505074A28592B51002F7125 /* FloatingPanelTransitioning.swift */; };
		E505075328592B51002F7125 /* FloatingPanelSurfaceView.swift in Sources */ = {isa = PBXBuildFile; fileRef = E505074B28592B51002F7125 /* FloatingPanelSurfaceView.swift */; };
		E505075428592B51002F7125 /* FloatingPanelLayout.swift in Sources */ = {isa = PBXBuildFile; fileRef = E505074C28592B51002F7125 /* FloatingPanelLayout.swift */; };
		E505075628592D16002F7125 /* GrabberHandleView.swift in Sources */ = {isa = PBXBuildFile; fileRef = E505075528592D16002F7125 /* GrabberHandleView.swift */; };
		E505075828592DA7002F7125 /* UIExtensions.swift in Sources */ = {isa = PBXBuildFile; fileRef = E505075728592DA7002F7125 /* UIExtensions.swift */; };
		E55F838D285C880200700BB6 /* FormatHelper.swift in Sources */ = {isa = PBXBuildFile; fileRef = E55F838C285C880200700BB6 /* FormatHelper.swift */; };
		E55F8390285CCAE200700BB6 /* LocationManager.swift in Sources */ = {isa = PBXBuildFile; fileRef = E55F838F285CCAE200700BB6 /* LocationManager.swift */; };
		E57B697C28561AE40028635B /* AppDelegate.swift in Sources */ = {isa = PBXBuildFile; fileRef = E57B697B28561AE40028635B /* AppDelegate.swift */; };
		E57B698328561AE40028635B /* Main.storyboard in Resources */ = {isa = PBXBuildFile; fileRef = E57B698128561AE40028635B /* Main.storyboard */; };
		E57B698528561AE60028635B /* Assets.xcassets in Resources */ = {isa = PBXBuildFile; fileRef = E57B698428561AE60028635B /* Assets.xcassets */; };
		E57B698828561AE60028635B /* LaunchScreen.storyboard in Resources */ = {isa = PBXBuildFile; fileRef = E57B698628561AE60028635B /* LaunchScreen.storyboard */; };
		E57B699328561AE60028635B /* Treasure_HuntTests.swift in Sources */ = {isa = PBXBuildFile; fileRef = E57B699228561AE60028635B /* Treasure_HuntTests.swift */; };
		E57B699D28561AE60028635B /* Treasure_HuntUITests.swift in Sources */ = {isa = PBXBuildFile; fileRef = E57B699C28561AE60028635B /* Treasure_HuntUITests.swift */; };
		E57B699F28561AE60028635B /* Treasure_HuntUITestsLaunchTests.swift in Sources */ = {isa = PBXBuildFile; fileRef = E57B699E28561AE60028635B /* Treasure_HuntUITestsLaunchTests.swift */; };
		E57B69AE285626E20028635B /* TabBarController.swift in Sources */ = {isa = PBXBuildFile; fileRef = E57B69AD285626E20028635B /* TabBarController.swift */; };
		E57B69B628562BDF0028635B /* HuntViewController.swift in Sources */ = {isa = PBXBuildFile; fileRef = E57B69B428562BDF0028635B /* HuntViewController.swift */; };
		E57B69B728562BDF0028635B /* HuntViewController.xib in Resources */ = {isa = PBXBuildFile; fileRef = E57B69B528562BDF0028635B /* HuntViewController.xib */; };
		E57B69BA28562BF70028635B /* ProfileViewController.swift in Sources */ = {isa = PBXBuildFile; fileRef = E57B69B828562BF70028635B /* ProfileViewController.swift */; };
		E57B69BB28562BF70028635B /* ProfileViewController.xib in Resources */ = {isa = PBXBuildFile; fileRef = E57B69B928562BF70028635B /* ProfileViewController.xib */; };
		E57B69BE28562CFA0028635B /* MKMapView+extension.swift in Sources */ = {isa = PBXBuildFile; fileRef = E57B69BD28562CFA0028635B /* MKMapView+extension.swift */; };
		E58419A92857D38400A20043 /* Colors.swift in Sources */ = {isa = PBXBuildFile; fileRef = E58419A82857D38400A20043 /* Colors.swift */; };
		E58419AD2857D4EF00A20043 /* UIColor+extension.swift in Sources */ = {isa = PBXBuildFile; fileRef = E58419AC2857D4EF00A20043 /* UIColor+extension.swift */; };
/* End PBXBuildFile section */

/* Begin PBXContainerItemProxy section */
		E57B698F28561AE60028635B /* PBXContainerItemProxy */ = {
			isa = PBXContainerItemProxy;
			containerPortal = E57B697028561AE40028635B /* Project object */;
			proxyType = 1;
			remoteGlobalIDString = E57B697728561AE40028635B;
			remoteInfo = "Treasure Hunt";
		};
		E57B699928561AE60028635B /* PBXContainerItemProxy */ = {
			isa = PBXContainerItemProxy;
			containerPortal = E57B697028561AE40028635B /* Project object */;
			proxyType = 1;
			remoteGlobalIDString = E57B697728561AE40028635B;
			remoteInfo = "Treasure Hunt";
		};
/* End PBXContainerItemProxy section */

/* Begin PBXFileReference section */
		E505071B28587AC2002F7125 /* CurrentHuntDetailViewController.swift */ = {isa = PBXFileReference; lastKnownFileType = sourcecode.swift; path = CurrentHuntDetailViewController.swift; sourceTree = "<group>"; };
		E505071C28587AC2002F7125 /* CurrentHuntDetailViewController.xib */ = {isa = PBXFileReference; lastKnownFileType = file.xib; path = CurrentHuntDetailViewController.xib; sourceTree = "<group>"; };
		E505074528592B51002F7125 /* FloatingPanelController.swift */ = {isa = PBXFileReference; fileEncoding = 4; lastKnownFileType = sourcecode.swift; path = FloatingPanelController.swift; sourceTree = "<group>"; };
		E505074628592B51002F7125 /* FloatingPanelBehavior.swift */ = {isa = PBXFileReference; fileEncoding = 4; lastKnownFileType = sourcecode.swift; path = FloatingPanelBehavior.swift; sourceTree = "<group>"; };
		E505074728592B51002F7125 /* FloatingPanelCore.swift */ = {isa = PBXFileReference; fileEncoding = 4; lastKnownFileType = sourcecode.swift; path = FloatingPanelCore.swift; sourceTree = "<group>"; };
		E505074828592B51002F7125 /* FloatingPanelBackdropView.swift */ = {isa = PBXFileReference; fileEncoding = 4; lastKnownFileType = sourcecode.swift; path = FloatingPanelBackdropView.swift; sourceTree = "<group>"; };
		E505074928592B51002F7125 /* FloatingPanelView.swift */ = {isa = PBXFileReference; fileEncoding = 4; lastKnownFileType = sourcecode.swift; path = FloatingPanelView.swift; sourceTree = "<group>"; };
		E505074A28592B51002F7125 /* FloatingPanelTransitioning.swift */ = {isa = PBXFileReference; fileEncoding = 4; lastKnownFileType = sourcecode.swift; path = FloatingPanelTransitioning.swift; sourceTree = "<group>"; };
		E505074B28592B51002F7125 /* FloatingPanelSurfaceView.swift */ = {isa = PBXFileReference; fileEncoding = 4; lastKnownFileType = sourcecode.swift; path = FloatingPanelSurfaceView.swift; sourceTree = "<group>"; };
		E505074C28592B51002F7125 /* FloatingPanelLayout.swift */ = {isa = PBXFileReference; fileEncoding = 4; lastKnownFileType = sourcecode.swift; path = FloatingPanelLayout.swift; sourceTree = "<group>"; };
		E505075528592D16002F7125 /* GrabberHandleView.swift */ = {isa = PBXFileReference; fileEncoding = 4; lastKnownFileType = sourcecode.swift; path = GrabberHandleView.swift; sourceTree = "<group>"; };
		E505075728592DA7002F7125 /* UIExtensions.swift */ = {isa = PBXFileReference; lastKnownFileType = sourcecode.swift; path = UIExtensions.swift; sourceTree = "<group>"; };
		E55F838C285C880200700BB6 /* FormatHelper.swift */ = {isa = PBXFileReference; lastKnownFileType = sourcecode.swift; path = FormatHelper.swift; sourceTree = "<group>"; };
		E55F838F285CCAE200700BB6 /* LocationManager.swift */ = {isa = PBXFileReference; lastKnownFileType = sourcecode.swift; path = LocationManager.swift; sourceTree = "<group>"; };
		E57B697828561AE40028635B /* Treasure Hunt.app */ = {isa = PBXFileReference; explicitFileType = wrapper.application; includeInIndex = 0; path = "Treasure Hunt.app"; sourceTree = BUILT_PRODUCTS_DIR; };
		E57B697B28561AE40028635B /* AppDelegate.swift */ = {isa = PBXFileReference; lastKnownFileType = sourcecode.swift; path = AppDelegate.swift; sourceTree = "<group>"; };
		E57B698228561AE40028635B /* Base */ = {isa = PBXFileReference; lastKnownFileType = file.storyboard; name = Base; path = Base.lproj/Main.storyboard; sourceTree = "<group>"; };
		E57B698428561AE60028635B /* Assets.xcassets */ = {isa = PBXFileReference; lastKnownFileType = folder.assetcatalog; path = Assets.xcassets; sourceTree = "<group>"; };
		E57B698728561AE60028635B /* Base */ = {isa = PBXFileReference; lastKnownFileType = file.storyboard; name = Base; path = Base.lproj/LaunchScreen.storyboard; sourceTree = "<group>"; };
		E57B698928561AE60028635B /* Info.plist */ = {isa = PBXFileReference; lastKnownFileType = text.plist.xml; path = Info.plist; sourceTree = "<group>"; };
		E57B698E28561AE60028635B /* Treasure HuntTests.xctest */ = {isa = PBXFileReference; explicitFileType = wrapper.cfbundle; includeInIndex = 0; path = "Treasure HuntTests.xctest"; sourceTree = BUILT_PRODUCTS_DIR; };
		E57B699228561AE60028635B /* Treasure_HuntTests.swift */ = {isa = PBXFileReference; lastKnownFileType = sourcecode.swift; path = Treasure_HuntTests.swift; sourceTree = "<group>"; };
		E57B699828561AE60028635B /* Treasure HuntUITests.xctest */ = {isa = PBXFileReference; explicitFileType = wrapper.cfbundle; includeInIndex = 0; path = "Treasure HuntUITests.xctest"; sourceTree = BUILT_PRODUCTS_DIR; };
		E57B699C28561AE60028635B /* Treasure_HuntUITests.swift */ = {isa = PBXFileReference; lastKnownFileType = sourcecode.swift; path = Treasure_HuntUITests.swift; sourceTree = "<group>"; };
		E57B699E28561AE60028635B /* Treasure_HuntUITestsLaunchTests.swift */ = {isa = PBXFileReference; lastKnownFileType = sourcecode.swift; path = Treasure_HuntUITestsLaunchTests.swift; sourceTree = "<group>"; };
		E57B69AD285626E20028635B /* TabBarController.swift */ = {isa = PBXFileReference; lastKnownFileType = sourcecode.swift; path = TabBarController.swift; sourceTree = "<group>"; };
		E57B69B428562BDF0028635B /* HuntViewController.swift */ = {isa = PBXFileReference; lastKnownFileType = sourcecode.swift; path = HuntViewController.swift; sourceTree = "<group>"; };
		E57B69B528562BDF0028635B /* HuntViewController.xib */ = {isa = PBXFileReference; lastKnownFileType = file.xib; path = HuntViewController.xib; sourceTree = "<group>"; };
		E57B69B828562BF70028635B /* ProfileViewController.swift */ = {isa = PBXFileReference; lastKnownFileType = sourcecode.swift; path = ProfileViewController.swift; sourceTree = "<group>"; };
		E57B69B928562BF70028635B /* ProfileViewController.xib */ = {isa = PBXFileReference; lastKnownFileType = file.xib; path = ProfileViewController.xib; sourceTree = "<group>"; };
		E57B69BD28562CFA0028635B /* MKMapView+extension.swift */ = {isa = PBXFileReference; lastKnownFileType = sourcecode.swift; path = "MKMapView+extension.swift"; sourceTree = "<group>"; };
		E58419A82857D38400A20043 /* Colors.swift */ = {isa = PBXFileReference; lastKnownFileType = sourcecode.swift; path = Colors.swift; sourceTree = "<group>"; };
		E58419AC2857D4EF00A20043 /* UIColor+extension.swift */ = {isa = PBXFileReference; lastKnownFileType = sourcecode.swift; path = "UIColor+extension.swift"; sourceTree = "<group>"; };
/* End PBXFileReference section */

/* Begin PBXFrameworksBuildPhase section */
		E57B697528561AE40028635B /* Frameworks */ = {
			isa = PBXFrameworksBuildPhase;
			buildActionMask = 2147483647;
			files = (
			);
			runOnlyForDeploymentPostprocessing = 0;
		};
		E57B698B28561AE60028635B /* Frameworks */ = {
			isa = PBXFrameworksBuildPhase;
			buildActionMask = 2147483647;
			files = (
			);
			runOnlyForDeploymentPostprocessing = 0;
		};
		E57B699528561AE60028635B /* Frameworks */ = {
			isa = PBXFrameworksBuildPhase;
			buildActionMask = 2147483647;
			files = (
			);
			runOnlyForDeploymentPostprocessing = 0;
		};
/* End PBXFrameworksBuildPhase section */

/* Begin PBXGroup section */
		E5050718285879D5002F7125 /* Controller */ = {
			isa = PBXGroup;
			children = (
				E505071B28587AC2002F7125 /* CurrentHuntDetailViewController.swift */,
				E505071C28587AC2002F7125 /* CurrentHuntDetailViewController.xib */,
				E57B69B428562BDF0028635B /* HuntViewController.swift */,
				E57B69B528562BDF0028635B /* HuntViewController.xib */,
			);
			path = Controller;
			sourceTree = "<group>";
		};
		E505071928587A3E002F7125 /* View */ = {
			isa = PBXGroup;
			children = (
				E5050718285879D5002F7125 /* Controller */,
			);
			path = View;
			sourceTree = "<group>";
		};
		E505071A28587A42002F7125 /* ViewModel */ = {
			isa = PBXGroup;
			children = (
			);
			path = ViewModel;
			sourceTree = "<group>";
		};
		E505071F2858BA4A002F7125 /* Custom Views */ = {
			isa = PBXGroup;
			children = (
				E505074428592B39002F7125 /* Floating Panel */,
			);
			path = "Custom Views";
			sourceTree = "<group>";
		};
		E505074428592B39002F7125 /* Floating Panel */ = {
			isa = PBXGroup;
			children = (
				E505074828592B51002F7125 /* FloatingPanelBackdropView.swift */,
				E505074628592B51002F7125 /* FloatingPanelBehavior.swift */,
				E505074528592B51002F7125 /* FloatingPanelController.swift */,
				E505074728592B51002F7125 /* FloatingPanelCore.swift */,
				E505074C28592B51002F7125 /* FloatingPanelLayout.swift */,
				E505074B28592B51002F7125 /* FloatingPanelSurfaceView.swift */,
				E505074A28592B51002F7125 /* FloatingPanelTransitioning.swift */,
				E505074928592B51002F7125 /* FloatingPanelView.swift */,
				E505075528592D16002F7125 /* GrabberHandleView.swift */,
				E505075728592DA7002F7125 /* UIExtensions.swift */,
			);
			path = "Floating Panel";
			sourceTree = "<group>";
		};
		E55F838E285CCAD200700BB6 /* Helpers */ = {
			isa = PBXGroup;
			children = (
				E55F838C285C880200700BB6 /* FormatHelper.swift */,
				E55F838F285CCAE200700BB6 /* LocationManager.swift */,
			);
			path = Helpers;
			sourceTree = "<group>";
		};
		E57B696F28561AE40028635B = {
			isa = PBXGroup;
			children = (
				E57B697A28561AE40028635B /* Treasure Hunt */,
				E57B699128561AE60028635B /* Treasure HuntTests */,
				E57B699B28561AE60028635B /* Treasure HuntUITests */,
				E57B697928561AE40028635B /* Products */,
			);
			sourceTree = "<group>";
		};
		E57B697928561AE40028635B /* Products */ = {
			isa = PBXGroup;
			children = (
				E57B697828561AE40028635B /* Treasure Hunt.app */,
				E57B698E28561AE60028635B /* Treasure HuntTests.xctest */,
				E57B699828561AE60028635B /* Treasure HuntUITests.xctest */,
			);
			name = Products;
			sourceTree = "<group>";
		};
		E57B697A28561AE40028635B /* Treasure Hunt */ = {
			isa = PBXGroup;
			children = (
				E57B69AB285626A60028635B /* Base */,
				E57B69AC285626BB0028635B /* Flow */,
			);
			path = "Treasure Hunt";
			sourceTree = "<group>";
		};
		E57B699128561AE60028635B /* Treasure HuntTests */ = {
			isa = PBXGroup;
			children = (
				E57B699228561AE60028635B /* Treasure_HuntTests.swift */,
			);
			path = "Treasure HuntTests";
			sourceTree = "<group>";
		};
		E57B699B28561AE60028635B /* Treasure HuntUITests */ = {
			isa = PBXGroup;
			children = (
				E57B699C28561AE60028635B /* Treasure_HuntUITests.swift */,
				E57B699E28561AE60028635B /* Treasure_HuntUITestsLaunchTests.swift */,
			);
			path = "Treasure HuntUITests";
			sourceTree = "<group>";
		};
		E57B69AB285626A60028635B /* Base */ = {
			isa = PBXGroup;
			children = (
				E505071F2858BA4A002F7125 /* Custom Views */,
				E57B69BC28562CE80028635B /* Extensions */,
				E58419AB2857D41D00A20043 /* Project Files */,
				E55F838E285CCAD200700BB6 /* Helpers */,
			);
			path = Base;
			sourceTree = "<group>";
		};
		E57B69AC285626BB0028635B /* Flow */ = {
			isa = PBXGroup;
			children = (
				E57B69B228562BAA0028635B /* TabBar */,
				E57B69B128562B9F0028635B /* Hunt */,
				E57B69B328562BB70028635B /* Profile */,
			);
			path = Flow;
			sourceTree = "<group>";
		};
		E57B69B128562B9F0028635B /* Hunt */ = {
			isa = PBXGroup;
			children = (
				E505071A28587A42002F7125 /* ViewModel */,
				E505071928587A3E002F7125 /* View */,
			);
			path = Hunt;
			sourceTree = "<group>";
		};
		E57B69B228562BAA0028635B /* TabBar */ = {
			isa = PBXGroup;
			children = (
				E57B69AD285626E20028635B /* TabBarController.swift */,
			);
			path = TabBar;
			sourceTree = "<group>";
		};
		E57B69B328562BB70028635B /* Profile */ = {
			isa = PBXGroup;
			children = (
				E57B69B828562BF70028635B /* ProfileViewController.swift */,
				E57B69B928562BF70028635B /* ProfileViewController.xib */,
			);
			path = Profile;
			sourceTree = "<group>";
		};
		E57B69BC28562CE80028635B /* Extensions */ = {
			isa = PBXGroup;
			children = (
				E57B69BD28562CFA0028635B /* MKMapView+extension.swift */,
				E58419A82857D38400A20043 /* Colors.swift */,
				E58419AC2857D4EF00A20043 /* UIColor+extension.swift */,
			);
			path = Extensions;
			sourceTree = "<group>";
		};
		E58419AB2857D41D00A20043 /* Project Files */ = {
			isa = PBXGroup;
			children = (
				E57B697B28561AE40028635B /* AppDelegate.swift */,
				E57B698128561AE40028635B /* Main.storyboard */,
				E57B698428561AE60028635B /* Assets.xcassets */,
				E57B698628561AE60028635B /* LaunchScreen.storyboard */,
				E57B698928561AE60028635B /* Info.plist */,
			);
			path = "Project Files";
			sourceTree = "<group>";
		};
/* End PBXGroup section */

/* Begin PBXNativeTarget section */
		E57B697728561AE40028635B /* Treasure Hunt */ = {
			isa = PBXNativeTarget;
			buildConfigurationList = E57B69A228561AE60028635B /* Build configuration list for PBXNativeTarget "Treasure Hunt" */;
			buildPhases = (
				E57B697428561AE40028635B /* Sources */,
				E57B697528561AE40028635B /* Frameworks */,
				E57B697628561AE40028635B /* Resources */,
			);
			buildRules = (
			);
			dependencies = (
			);
			name = "Treasure Hunt";
			packageProductDependencies = (
			);
			productName = "Treasure Hunt";
			productReference = E57B697828561AE40028635B /* Treasure Hunt.app */;
			productType = "com.apple.product-type.application";
		};
		E57B698D28561AE60028635B /* Treasure HuntTests */ = {
			isa = PBXNativeTarget;
			buildConfigurationList = E57B69A528561AE60028635B /* Build configuration list for PBXNativeTarget "Treasure HuntTests" */;
			buildPhases = (
				E57B698A28561AE60028635B /* Sources */,
				E57B698B28561AE60028635B /* Frameworks */,
				E57B698C28561AE60028635B /* Resources */,
			);
			buildRules = (
			);
			dependencies = (
				E57B699028561AE60028635B /* PBXTargetDependency */,
			);
			name = "Treasure HuntTests";
			productName = "Treasure HuntTests";
			productReference = E57B698E28561AE60028635B /* Treasure HuntTests.xctest */;
			productType = "com.apple.product-type.bundle.unit-test";
		};
		E57B699728561AE60028635B /* Treasure HuntUITests */ = {
			isa = PBXNativeTarget;
			buildConfigurationList = E57B69A828561AE60028635B /* Build configuration list for PBXNativeTarget "Treasure HuntUITests" */;
			buildPhases = (
				E57B699428561AE60028635B /* Sources */,
				E57B699528561AE60028635B /* Frameworks */,
				E57B699628561AE60028635B /* Resources */,
			);
			buildRules = (
			);
			dependencies = (
				E57B699A28561AE60028635B /* PBXTargetDependency */,
			);
			name = "Treasure HuntUITests";
			productName = "Treasure HuntUITests";
			productReference = E57B699828561AE60028635B /* Treasure HuntUITests.xctest */;
			productType = "com.apple.product-type.bundle.ui-testing";
		};
/* End PBXNativeTarget section */

/* Begin PBXProject section */
		E57B697028561AE40028635B /* Project object */ = {
			isa = PBXProject;
			attributes = {
				BuildIndependentTargetsInParallel = 1;
				LastSwiftUpdateCheck = 1320;
				LastUpgradeCheck = 1320;
				TargetAttributes = {
					E57B697728561AE40028635B = {
						CreatedOnToolsVersion = 13.2.1;
					};
					E57B698D28561AE60028635B = {
						CreatedOnToolsVersion = 13.2.1;
						TestTargetID = E57B697728561AE40028635B;
					};
					E57B699728561AE60028635B = {
						CreatedOnToolsVersion = 13.2.1;
						TestTargetID = E57B697728561AE40028635B;
					};
				};
			};
			buildConfigurationList = E57B697328561AE40028635B /* Build configuration list for PBXProject "Treasure Hunt" */;
			compatibilityVersion = "Xcode 13.0";
			developmentRegion = en;
			hasScannedForEncodings = 0;
			knownRegions = (
				en,
				Base,
			);
			mainGroup = E57B696F28561AE40028635B;
			packageReferences = (
			);
			productRefGroup = E57B697928561AE40028635B /* Products */;
			projectDirPath = "";
			projectRoot = "";
			targets = (
				E57B697728561AE40028635B /* Treasure Hunt */,
				E57B698D28561AE60028635B /* Treasure HuntTests */,
				E57B699728561AE60028635B /* Treasure HuntUITests */,
			);
		};
/* End PBXProject section */

/* Begin PBXResourcesBuildPhase section */
		E57B697628561AE40028635B /* Resources */ = {
			isa = PBXResourcesBuildPhase;
			buildActionMask = 2147483647;
			files = (
				E57B698828561AE60028635B /* LaunchScreen.storyboard in Resources */,
				E57B69B728562BDF0028635B /* HuntViewController.xib in Resources */,
				E57B698528561AE60028635B /* Assets.xcassets in Resources */,
				E57B69BB28562BF70028635B /* ProfileViewController.xib in Resources */,
				E505071E28587AC2002F7125 /* CurrentHuntDetailViewController.xib in Resources */,
				E57B698328561AE40028635B /* Main.storyboard in Resources */,
			);
			runOnlyForDeploymentPostprocessing = 0;
		};
		E57B698C28561AE60028635B /* Resources */ = {
			isa = PBXResourcesBuildPhase;
			buildActionMask = 2147483647;
			files = (
			);
			runOnlyForDeploymentPostprocessing = 0;
		};
		E57B699628561AE60028635B /* Resources */ = {
			isa = PBXResourcesBuildPhase;
			buildActionMask = 2147483647;
			files = (
			);
			runOnlyForDeploymentPostprocessing = 0;
		};
/* End PBXResourcesBuildPhase section */

/* Begin PBXSourcesBuildPhase section */
		E57B697428561AE40028635B /* Sources */ = {
			isa = PBXSourcesBuildPhase;
			buildActionMask = 2147483647;
			files = (
				E57B69BE28562CFA0028635B /* MKMapView+extension.swift in Sources */,
				E58419A92857D38400A20043 /* Colors.swift in Sources */,
				E57B69B628562BDF0028635B /* HuntViewController.swift in Sources */,
				E505075828592DA7002F7125 /* UIExtensions.swift in Sources */,
				E58419AD2857D4EF00A20043 /* UIColor+extension.swift in Sources */,
				E505074F28592B51002F7125 /* FloatingPanelCore.swift in Sources */,
				E505071D28587AC2002F7125 /* CurrentHuntDetailViewController.swift in Sources */,
				E505075428592B51002F7125 /* FloatingPanelLayout.swift in Sources */,
				E57B69BA28562BF70028635B /* ProfileViewController.swift in Sources */,
				E55F838D285C880200700BB6 /* FormatHelper.swift in Sources */,
				E505075028592B51002F7125 /* FloatingPanelBackdropView.swift in Sources */,
				E57B69AE285626E20028635B /* TabBarController.swift in Sources */,
				E55F8390285CCAE200700BB6 /* LocationManager.swift in Sources */,
				E505074D28592B51002F7125 /* FloatingPanelController.swift in Sources */,
				E505075628592D16002F7125 /* GrabberHandleView.swift in Sources */,
				E505074E28592B51002F7125 /* FloatingPanelBehavior.swift in Sources */,
				E57B697C28561AE40028635B /* AppDelegate.swift in Sources */,
				E505075328592B51002F7125 /* FloatingPanelSurfaceView.swift in Sources */,
				E505075228592B51002F7125 /* FloatingPanelTransitioning.swift in Sources */,
				E505075128592B51002F7125 /* FloatingPanelView.swift in Sources */,
			);
			runOnlyForDeploymentPostprocessing = 0;
		};
		E57B698A28561AE60028635B /* Sources */ = {
			isa = PBXSourcesBuildPhase;
			buildActionMask = 2147483647;
			files = (
				E57B699328561AE60028635B /* Treasure_HuntTests.swift in Sources */,
			);
			runOnlyForDeploymentPostprocessing = 0;
		};
		E57B699428561AE60028635B /* Sources */ = {
			isa = PBXSourcesBuildPhase;
			buildActionMask = 2147483647;
			files = (
				E57B699F28561AE60028635B /* Treasure_HuntUITestsLaunchTests.swift in Sources */,
				E57B699D28561AE60028635B /* Treasure_HuntUITests.swift in Sources */,
			);
			runOnlyForDeploymentPostprocessing = 0;
		};
/* End PBXSourcesBuildPhase section */

/* Begin PBXTargetDependency section */
		E57B699028561AE60028635B /* PBXTargetDependency */ = {
			isa = PBXTargetDependency;
			target = E57B697728561AE40028635B /* Treasure Hunt */;
			targetProxy = E57B698F28561AE60028635B /* PBXContainerItemProxy */;
		};
		E57B699A28561AE60028635B /* PBXTargetDependency */ = {
			isa = PBXTargetDependency;
			target = E57B697728561AE40028635B /* Treasure Hunt */;
			targetProxy = E57B699928561AE60028635B /* PBXContainerItemProxy */;
		};
/* End PBXTargetDependency section */

/* Begin PBXVariantGroup section */
		E57B698128561AE40028635B /* Main.storyboard */ = {
			isa = PBXVariantGroup;
			children = (
				E57B698228561AE40028635B /* Base */,
			);
			name = Main.storyboard;
			sourceTree = "<group>";
		};
		E57B698628561AE60028635B /* LaunchScreen.storyboard */ = {
			isa = PBXVariantGroup;
			children = (
				E57B698728561AE60028635B /* Base */,
			);
			name = LaunchScreen.storyboard;
			sourceTree = "<group>";
		};
/* End PBXVariantGroup section */

/* Begin XCBuildConfiguration section */
		E57B69A028561AE60028635B /* Debug */ = {
			isa = XCBuildConfiguration;
			buildSettings = {
				ALWAYS_SEARCH_USER_PATHS = NO;
				CLANG_ANALYZER_NONNULL = YES;
				CLANG_ANALYZER_NUMBER_OBJECT_CONVERSION = YES_AGGRESSIVE;
				CLANG_CXX_LANGUAGE_STANDARD = "gnu++17";
				CLANG_CXX_LIBRARY = "libc++";
				CLANG_ENABLE_MODULES = YES;
				CLANG_ENABLE_OBJC_ARC = YES;
				CLANG_ENABLE_OBJC_WEAK = YES;
				CLANG_WARN_BLOCK_CAPTURE_AUTORELEASING = YES;
				CLANG_WARN_BOOL_CONVERSION = YES;
				CLANG_WARN_COMMA = YES;
				CLANG_WARN_CONSTANT_CONVERSION = YES;
				CLANG_WARN_DEPRECATED_OBJC_IMPLEMENTATIONS = YES;
				CLANG_WARN_DIRECT_OBJC_ISA_USAGE = YES_ERROR;
				CLANG_WARN_DOCUMENTATION_COMMENTS = YES;
				CLANG_WARN_EMPTY_BODY = YES;
				CLANG_WARN_ENUM_CONVERSION = YES;
				CLANG_WARN_INFINITE_RECURSION = YES;
				CLANG_WARN_INT_CONVERSION = YES;
				CLANG_WARN_NON_LITERAL_NULL_CONVERSION = YES;
				CLANG_WARN_OBJC_IMPLICIT_RETAIN_SELF = YES;
				CLANG_WARN_OBJC_LITERAL_CONVERSION = YES;
				CLANG_WARN_OBJC_ROOT_CLASS = YES_ERROR;
				CLANG_WARN_QUOTED_INCLUDE_IN_FRAMEWORK_HEADER = YES;
				CLANG_WARN_RANGE_LOOP_ANALYSIS = YES;
				CLANG_WARN_STRICT_PROTOTYPES = YES;
				CLANG_WARN_SUSPICIOUS_MOVE = YES;
				CLANG_WARN_UNGUARDED_AVAILABILITY = YES_AGGRESSIVE;
				CLANG_WARN_UNREACHABLE_CODE = YES;
				CLANG_WARN__DUPLICATE_METHOD_MATCH = YES;
				COPY_PHASE_STRIP = NO;
				DEBUG_INFORMATION_FORMAT = dwarf;
				ENABLE_STRICT_OBJC_MSGSEND = YES;
				ENABLE_TESTABILITY = YES;
				GCC_C_LANGUAGE_STANDARD = gnu11;
				GCC_DYNAMIC_NO_PIC = NO;
				GCC_NO_COMMON_BLOCKS = YES;
				GCC_OPTIMIZATION_LEVEL = 0;
				GCC_PREPROCESSOR_DEFINITIONS = (
					"DEBUG=1",
					"$(inherited)",
				);
				GCC_WARN_64_TO_32_BIT_CONVERSION = YES;
				GCC_WARN_ABOUT_RETURN_TYPE = YES_ERROR;
				GCC_WARN_UNDECLARED_SELECTOR = YES;
				GCC_WARN_UNINITIALIZED_AUTOS = YES_AGGRESSIVE;
				GCC_WARN_UNUSED_FUNCTION = YES;
				GCC_WARN_UNUSED_VARIABLE = YES;
				IPHONEOS_DEPLOYMENT_TARGET = 13.0;
				MTL_ENABLE_DEBUG_INFO = INCLUDE_SOURCE;
				MTL_FAST_MATH = YES;
				ONLY_ACTIVE_ARCH = YES;
				SDKROOT = iphoneos;
				SWIFT_ACTIVE_COMPILATION_CONDITIONS = DEBUG;
				SWIFT_OPTIMIZATION_LEVEL = "-Onone";
			};
			name = Debug;
		};
		E57B69A128561AE60028635B /* Release */ = {
			isa = XCBuildConfiguration;
			buildSettings = {
				ALWAYS_SEARCH_USER_PATHS = NO;
				CLANG_ANALYZER_NONNULL = YES;
				CLANG_ANALYZER_NUMBER_OBJECT_CONVERSION = YES_AGGRESSIVE;
				CLANG_CXX_LANGUAGE_STANDARD = "gnu++17";
				CLANG_CXX_LIBRARY = "libc++";
				CLANG_ENABLE_MODULES = YES;
				CLANG_ENABLE_OBJC_ARC = YES;
				CLANG_ENABLE_OBJC_WEAK = YES;
				CLANG_WARN_BLOCK_CAPTURE_AUTORELEASING = YES;
				CLANG_WARN_BOOL_CONVERSION = YES;
				CLANG_WARN_COMMA = YES;
				CLANG_WARN_CONSTANT_CONVERSION = YES;
				CLANG_WARN_DEPRECATED_OBJC_IMPLEMENTATIONS = YES;
				CLANG_WARN_DIRECT_OBJC_ISA_USAGE = YES_ERROR;
				CLANG_WARN_DOCUMENTATION_COMMENTS = YES;
				CLANG_WARN_EMPTY_BODY = YES;
				CLANG_WARN_ENUM_CONVERSION = YES;
				CLANG_WARN_INFINITE_RECURSION = YES;
				CLANG_WARN_INT_CONVERSION = YES;
				CLANG_WARN_NON_LITERAL_NULL_CONVERSION = YES;
				CLANG_WARN_OBJC_IMPLICIT_RETAIN_SELF = YES;
				CLANG_WARN_OBJC_LITERAL_CONVERSION = YES;
				CLANG_WARN_OBJC_ROOT_CLASS = YES_ERROR;
				CLANG_WARN_QUOTED_INCLUDE_IN_FRAMEWORK_HEADER = YES;
				CLANG_WARN_RANGE_LOOP_ANALYSIS = YES;
				CLANG_WARN_STRICT_PROTOTYPES = YES;
				CLANG_WARN_SUSPICIOUS_MOVE = YES;
				CLANG_WARN_UNGUARDED_AVAILABILITY = YES_AGGRESSIVE;
				CLANG_WARN_UNREACHABLE_CODE = YES;
				CLANG_WARN__DUPLICATE_METHOD_MATCH = YES;
				COPY_PHASE_STRIP = NO;
				DEBUG_INFORMATION_FORMAT = "dwarf-with-dsym";
				ENABLE_NS_ASSERTIONS = NO;
				ENABLE_STRICT_OBJC_MSGSEND = YES;
				GCC_C_LANGUAGE_STANDARD = gnu11;
				GCC_NO_COMMON_BLOCKS = YES;
				GCC_WARN_64_TO_32_BIT_CONVERSION = YES;
				GCC_WARN_ABOUT_RETURN_TYPE = YES_ERROR;
				GCC_WARN_UNDECLARED_SELECTOR = YES;
				GCC_WARN_UNINITIALIZED_AUTOS = YES_AGGRESSIVE;
				GCC_WARN_UNUSED_FUNCTION = YES;
				GCC_WARN_UNUSED_VARIABLE = YES;
				IPHONEOS_DEPLOYMENT_TARGET = 13.0;
				MTL_ENABLE_DEBUG_INFO = NO;
				MTL_FAST_MATH = YES;
				SDKROOT = iphoneos;
				SWIFT_COMPILATION_MODE = wholemodule;
				SWIFT_OPTIMIZATION_LEVEL = "-O";
				VALIDATE_PRODUCT = YES;
			};
			name = Release;
		};
		E57B69A328561AE60028635B /* Debug */ = {
			isa = XCBuildConfiguration;
			buildSettings = {
				ASSETCATALOG_COMPILER_APPICON_NAME = AppIcon;
				ASSETCATALOG_COMPILER_GLOBAL_ACCENT_COLOR_NAME = AccentColor;
				CODE_SIGN_STYLE = Automatic;
				CURRENT_PROJECT_VERSION = 1;
				DEVELOPMENT_TEAM = A28SA6ZP59;
				GENERATE_INFOPLIST_FILE = YES;
				INFOPLIST_FILE = "Treasure Hunt/Info.plist";
				INFOPLIST_KEY_NSLocationWhenInUseUsageDescription = "Harita üzerinde mevcut konumuzunu görmek için konum izni vermeniz gerekmektedir.";
				INFOPLIST_KEY_UIApplicationSupportsIndirectInputEvents = YES;
				INFOPLIST_KEY_UILaunchStoryboardName = LaunchScreen;
				INFOPLIST_KEY_UIMainStoryboardFile = Main;
				INFOPLIST_KEY_UISupportedInterfaceOrientations_iPad = UIInterfaceOrientationPortrait;
				INFOPLIST_KEY_UISupportedInterfaceOrientations_iPhone = UIInterfaceOrientationPortrait;
				LD_RUNPATH_SEARCH_PATHS = (
					"$(inherited)",
					"@executable_path/Frameworks",
				);
				MARKETING_VERSION = 0.0.1;
				PRODUCT_BUNDLE_IDENTIFIER = "com.bahadirovski.Treasure-Hunt";
				PRODUCT_NAME = "$(TARGET_NAME)";
				SWIFT_EMIT_LOC_STRINGS = YES;
				SWIFT_VERSION = 5.0;
				TARGETED_DEVICE_FAMILY = "1,2";
			};
			name = Debug;
		};
		E57B69A428561AE60028635B /* Release */ = {
			isa = XCBuildConfiguration;
			buildSettings = {
				ASSETCATALOG_COMPILER_APPICON_NAME = AppIcon;
				ASSETCATALOG_COMPILER_GLOBAL_ACCENT_COLOR_NAME = AccentColor;
				CODE_SIGN_STYLE = Automatic;
				CURRENT_PROJECT_VERSION = 1;
				DEVELOPMENT_TEAM = A28SA6ZP59;
				GENERATE_INFOPLIST_FILE = YES;
				INFOPLIST_FILE = "Treasure Hunt/Info.plist";
				INFOPLIST_KEY_NSLocationWhenInUseUsageDescription = "Harita üzerinde mevcut konumuzunu görmek için konum izni vermeniz gerekmektedir.";
				INFOPLIST_KEY_UIApplicationSupportsIndirectInputEvents = YES;
				INFOPLIST_KEY_UILaunchStoryboardName = LaunchScreen;
				INFOPLIST_KEY_UIMainStoryboardFile = Main;
				INFOPLIST_KEY_UISupportedInterfaceOrientations_iPad = UIInterfaceOrientationPortrait;
				INFOPLIST_KEY_UISupportedInterfaceOrientations_iPhone = UIInterfaceOrientationPortrait;
				LD_RUNPATH_SEARCH_PATHS = (
					"$(inherited)",
					"@executable_path/Frameworks",
				);
				MARKETING_VERSION = 0.0.1;
				PRODUCT_BUNDLE_IDENTIFIER = "com.bahadirovski.Treasure-Hunt";
				PRODUCT_NAME = "$(TARGET_NAME)";
				SWIFT_EMIT_LOC_STRINGS = YES;
				SWIFT_VERSION = 5.0;
				TARGETED_DEVICE_FAMILY = "1,2";
			};
			name = Release;
		};
		E57B69A628561AE60028635B /* Debug */ = {
			isa = XCBuildConfiguration;
			buildSettings = {
				ALWAYS_EMBED_SWIFT_STANDARD_LIBRARIES = YES;
				BUNDLE_LOADER = "$(TEST_HOST)";
				CODE_SIGN_STYLE = Automatic;
				CURRENT_PROJECT_VERSION = 1;
				DEVELOPMENT_TEAM = A28SA6ZP59;
				GENERATE_INFOPLIST_FILE = YES;
				IPHONEOS_DEPLOYMENT_TARGET = 15.2;
				MARKETING_VERSION = 1.0;
				PRODUCT_BUNDLE_IDENTIFIER = "com.bahadiorvski.Treasure-HuntTests";
				PRODUCT_NAME = "$(TARGET_NAME)";
				SWIFT_EMIT_LOC_STRINGS = NO;
				SWIFT_VERSION = 5.0;
				TARGETED_DEVICE_FAMILY = "1,2";
				TEST_HOST = "$(BUILT_PRODUCTS_DIR)/Treasure Hunt.app/Treasure Hunt";
			};
			name = Debug;
		};
		E57B69A728561AE60028635B /* Release */ = {
			isa = XCBuildConfiguration;
			buildSettings = {
				ALWAYS_EMBED_SWIFT_STANDARD_LIBRARIES = YES;
				BUNDLE_LOADER = "$(TEST_HOST)";
				CODE_SIGN_STYLE = Automatic;
				CURRENT_PROJECT_VERSION = 1;
				DEVELOPMENT_TEAM = A28SA6ZP59;
				GENERATE_INFOPLIST_FILE = YES;
				IPHONEOS_DEPLOYMENT_TARGET = 15.2;
				MARKETING_VERSION = 1.0;
				PRODUCT_BUNDLE_IDENTIFIER = "com.bahadiorvski.Treasure-HuntTests";
				PRODUCT_NAME = "$(TARGET_NAME)";
				SWIFT_EMIT_LOC_STRINGS = NO;
				SWIFT_VERSION = 5.0;
				TARGETED_DEVICE_FAMILY = "1,2";
				TEST_HOST = "$(BUILT_PRODUCTS_DIR)/Treasure Hunt.app/Treasure Hunt";
			};
			name = Release;
		};
		E57B69A928561AE60028635B /* Debug */ = {
			isa = XCBuildConfiguration;
			buildSettings = {
				ALWAYS_EMBED_SWIFT_STANDARD_LIBRARIES = YES;
				CODE_SIGN_STYLE = Automatic;
				CURRENT_PROJECT_VERSION = 1;
				DEVELOPMENT_TEAM = A28SA6ZP59;
				GENERATE_INFOPLIST_FILE = YES;
				MARKETING_VERSION = 1.0;
				PRODUCT_BUNDLE_IDENTIFIER = "com.bahadiorvski.Treasure-HuntUITests";
				PRODUCT_NAME = "$(TARGET_NAME)";
				SWIFT_EMIT_LOC_STRINGS = NO;
				SWIFT_VERSION = 5.0;
				TARGETED_DEVICE_FAMILY = "1,2";
				TEST_TARGET_NAME = "Treasure Hunt";
			};
			name = Debug;
		};
		E57B69AA28561AE60028635B /* Release */ = {
			isa = XCBuildConfiguration;
			buildSettings = {
				ALWAYS_EMBED_SWIFT_STANDARD_LIBRARIES = YES;
				CODE_SIGN_STYLE = Automatic;
				CURRENT_PROJECT_VERSION = 1;
				DEVELOPMENT_TEAM = A28SA6ZP59;
				GENERATE_INFOPLIST_FILE = YES;
				MARKETING_VERSION = 1.0;
				PRODUCT_BUNDLE_IDENTIFIER = "com.bahadiorvski.Treasure-HuntUITests";
				PRODUCT_NAME = "$(TARGET_NAME)";
				SWIFT_EMIT_LOC_STRINGS = NO;
				SWIFT_VERSION = 5.0;
				TARGETED_DEVICE_FAMILY = "1,2";
				TEST_TARGET_NAME = "Treasure Hunt";
			};
			name = Release;
		};
/* End XCBuildConfiguration section */

/* Begin XCConfigurationList section */
		E57B697328561AE40028635B /* Build configuration list for PBXProject "Treasure Hunt" */ = {
			isa = XCConfigurationList;
			buildConfigurations = (
				E57B69A028561AE60028635B /* Debug */,
				E57B69A128561AE60028635B /* Release */,
			);
			defaultConfigurationIsVisible = 0;
			defaultConfigurationName = Release;
		};
		E57B69A228561AE60028635B /* Build configuration list for PBXNativeTarget "Treasure Hunt" */ = {
			isa = XCConfigurationList;
			buildConfigurations = (
				E57B69A328561AE60028635B /* Debug */,
				E57B69A428561AE60028635B /* Release */,
			);
			defaultConfigurationIsVisible = 0;
			defaultConfigurationName = Release;
		};
		E57B69A528561AE60028635B /* Build configuration list for PBXNativeTarget "Treasure HuntTests" */ = {
			isa = XCConfigurationList;
			buildConfigurations = (
				E57B69A628561AE60028635B /* Debug */,
				E57B69A728561AE60028635B /* Release */,
			);
			defaultConfigurationIsVisible = 0;
			defaultConfigurationName = Release;
		};
		E57B69A828561AE60028635B /* Build configuration list for PBXNativeTarget "Treasure HuntUITests" */ = {
			isa = XCConfigurationList;
			buildConfigurations = (
				E57B69A928561AE60028635B /* Debug */,
				E57B69AA28561AE60028635B /* Release */,
			);
			defaultConfigurationIsVisible = 0;
			defaultConfigurationName = Release;
		};
/* End XCConfigurationList section */
	};
	rootObject = E57B697028561AE40028635B /* Project object */;
}
